
Microsoft Visual Studio Solution File, Format Version 12.00
# Visual Studio Version 17
VisualStudioVersion = 17.4.33103.184
MinimumVisualStudioVersion = 10.0.40219.1
Project("{FAE04EC0-301F-11D3-BF4B-00C04F79EFBC}") = "DeclicBLL", "declicBLL\DeclicBLL.csproj", "{00A4280B-6537-419E-BD64-2C5B7FE8045C}"
EndProject
Project("{FAE04EC0-301F-11D3-BF4B-00C04F79EFBC}") = "DeclicBO", "DeclicBO\DeclicBO.csproj", "{A70C0BC2-D9CD-4F12-A4AC-262F2433D62A}"
EndProject
Project("{FAE04EC0-301F-11D3-BF4B-00C04F79EFBC}") = "DeclicDAL", "DeclicDAL\DeclicDAL.csproj", "{EFC9DDDE-6B9E-4FBD-8740-5E9EAAD48D57}"
EndProject
Project("{FAE04EC0-301F-11D3-BF4B-00C04F79EFBC}") = "DeclicGUI", "DeclicHU\DeclicGUI.csproj", "{E70E2413-396F-4DFE-A522-80DE54AF79E0}"
EndProject
Global
	GlobalSection(SolutionConfigurationPlatforms) = preSolution
		Debug|Any CPU = Debug|Any CPU
		Release|Any CPU = Release|Any CPU
	EndGlobalSection
	GlobalSection(ProjectConfigurationPlatforms) = postSolution
		{00A4280B-6537-419E-BD64-2C5B7FE8045C}.Debug|Any CPU.ActiveCfg = Debug|Any CPU
		{00A4280B-6537-419E-BD64-2C5B7FE8045C}.Debug|Any CPU.Build.0 = Debug|Any CPU
		{00A4280B-6537-419E-BD64-2C5B7FE8045C}.Release|Any CPU.ActiveCfg = Release|Any CPU
		{00A4280B-6537-419E-BD64-2C5B7FE8045C}.Release|Any CPU.Build.0 = Release|Any CPU
		{A70C0BC2-D9CD-4F12-A4AC-262F2433D62A}.Debug|Any CPU.ActiveCfg = Debug|Any CPU
		{A70C0BC2-D9CD-4F12-A4AC-262F2433D62A}.Debug|Any CPU.Build.0 = Debug|Any CPU
		{A70C0BC2-D9CD-4F12-A4AC-262F2433D62A}.Release|Any CPU.ActiveCfg = Release|Any CPU
		{A70C0BC2-D9CD-4F12-A4AC-262F2433D62A}.Release|Any CPU.Build.0 = Release|Any CPU
		{EFC9DDDE-6B9E-4FBD-8740-5E9EAAD48D57}.Debug|Any CPU.ActiveCfg = Debug|Any CPU
		{EFC9DDDE-6B9E-4FBD-8740-5E9EAAD48D57}.Debug|Any CPU.Build.0 = Debug|Any CPU
		{EFC9DDDE-6B9E-4FBD-8740-5E9EAAD48D57}.Release|Any CPU.ActiveCfg = Release|Any CPU
		{EFC9DDDE-6B9E-4FBD-8740-5E9EAAD48D57}.Release|Any CPU.Build.0 = Release|Any CPU
		{E70E2413-396F-4DFE-A522-80DE54AF79E0}.Debug|Any CPU.ActiveCfg = Debug|Any CPU
		{E70E2413-396F-4DFE-A522-80DE54AF79E0}.Debug|Any CPU.Build.0 = Debug|Any CPU
		{E70E2413-396F-4DFE-A522-80DE54AF79E0}.Release|Any CPU.ActiveCfg = Release|Any CPU
		{E70E2413-396F-4DFE-A522-80DE54AF79E0}.Release|Any CPU.Build.0 = Release|Any CPU
	EndGlobalSection
	GlobalSection(SolutionProperties) = preSolution
		HideSolutionNode = FALSE
	EndGlobalSection
	GlobalSection(ExtensibilityGlobals) = postSolution
		SolutionGuid = {3DD1A015-3023-496C-85B0-D604220011DB}
	EndGlobalSection
EndGlobal
